// !$*UTF8*$!
{
	archiveVersion = 1;
	classes = {
	};
	objectVersion = 48;
	objects = {

/* Begin PBXBuildFile section */
		7118FE9D2066B0EB0079ED9E /* NotebookModalViewController.swift in Sources */ = {isa = PBXBuildFile; fileRef = 7118FE9C2066B0EB0079ED9E /* NotebookModalViewController.swift */; };
		7137B6F120715AEC00A70EB4 /* CoreDataManager.swift in Sources */ = {isa = PBXBuildFile; fileRef = 7137B6F020715AEC00A70EB4 /* CoreDataManager.swift */; };
		7148A69B20647D3E0061A542 /* AppDelegate.swift in Sources */ = {isa = PBXBuildFile; fileRef = 7148A69A20647D3E0061A542 /* AppDelegate.swift */; };
		7148A6A520647D3E0061A542 /* Assets.xcassets in Resources */ = {isa = PBXBuildFile; fileRef = 7148A6A420647D3E0061A542 /* Assets.xcassets */; };
		7148A6A820647D3E0061A542 /* LaunchScreen.storyboard in Resources */ = {isa = PBXBuildFile; fileRef = 7148A6A620647D3E0061A542 /* LaunchScreen.storyboard */; };
		7154B96B2076CFA400476511 /* CustomImageView.swift in Sources */ = {isa = PBXBuildFile; fileRef = 7154B96A2076CFA400476511 /* CustomImageView.swift */; };
		7157084C2077D5E000C8A800 /* MapViewController.swift in Sources */ = {isa = PBXBuildFile; fileRef = 7157084B2077D5E000C8A800 /* MapViewController.swift */; };
		7157084F2078152C00C8A800 /* MapKit.framework in Frameworks */ = {isa = PBXBuildFile; fileRef = 7157084E2078152C00C8A800 /* MapKit.framework */; };
		7157085120781C4000C8A800 /* TagsViewController.swift in Sources */ = {isa = PBXBuildFile; fileRef = 7157085020781C4000C8A800 /* TagsViewController.swift */; };
		7159303F20666CB500A5BA23 /* UIViewController+Navigation.swift in Sources */ = {isa = PBXBuildFile; fileRef = 7159303E20666CB500A5BA23 /* UIViewController+Navigation.swift */; };
		715930462066825C00A5BA23 /* UIColor+Theme.swift in Sources */ = {isa = PBXBuildFile; fileRef = 715930452066825C00A5BA23 /* UIColor+Theme.swift */; };
		715AFCFE2073ECFC001A5070 /* NotebookViewController+NotebookViewControllerDelegate.swift in Sources */ = {isa = PBXBuildFile; fileRef = 715AFCFD2073ECFC001A5070 /* NotebookViewController+NotebookViewControllerDelegate.swift */; };
		715AFD002073EDE7001A5070 /* NotebookViewController+UITableView.swift in Sources */ = {isa = PBXBuildFile; fileRef = 715AFCFF2073EDE7001A5070 /* NotebookViewController+UITableView.swift */; };
		715AFD0720740492001A5070 /* Photo+CoreDataClass.swift in Sources */ = {isa = PBXBuildFile; fileRef = 715AFD0120740492001A5070 /* Photo+CoreDataClass.swift */; };
		715AFD0820740492001A5070 /* Photo+CoreDataProperties.swift in Sources */ = {isa = PBXBuildFile; fileRef = 715AFD0220740492001A5070 /* Photo+CoreDataProperties.swift */; };
		715AFD0920740492001A5070 /* Note+CoreDataClass.swift in Sources */ = {isa = PBXBuildFile; fileRef = 715AFD0320740492001A5070 /* Note+CoreDataClass.swift */; };
		715AFD0A20740492001A5070 /* Note+CoreDataProperties.swift in Sources */ = {isa = PBXBuildFile; fileRef = 715AFD0420740492001A5070 /* Note+CoreDataProperties.swift */; };
		715AFD0B20740492001A5070 /* Notebook+CoreDataClass.swift in Sources */ = {isa = PBXBuildFile; fileRef = 715AFD0520740492001A5070 /* Notebook+CoreDataClass.swift */; };
		715AFD0C20740492001A5070 /* Notebook+CoreDataProperties.swift in Sources */ = {isa = PBXBuildFile; fileRef = 715AFD0620740492001A5070 /* Notebook+CoreDataProperties.swift */; };
		715AFD0E20741F09001A5070 /* NoteViewController.swift in Sources */ = {isa = PBXBuildFile; fileRef = 715AFD0D20741F09001A5070 /* NoteViewController.swift */; };
		7180075C2065A693006DD1AB /* NotebookTableViewController.swift in Sources */ = {isa = PBXBuildFile; fileRef = 7180075A2065A693006DD1AB /* NotebookTableViewController.swift */; };
		7180075D2065A693006DD1AB /* NotebookTableViewController.xib in Resources */ = {isa = PBXBuildFile; fileRef = 7180075B2065A693006DD1AB /* NotebookTableViewController.xib */; };
		718908192071228A00FF120D /* CreateNoteViewController.swift in Sources */ = {isa = PBXBuildFile; fileRef = 718908182071228A00FF120D /* CreateNoteViewController.swift */; };
		7189081C20714D8E00FF120D /* EverpobreCD.xcdatamodeld in Sources */ = {isa = PBXBuildFile; fileRef = 7189081A20714D8E00FF120D /* EverpobreCD.xcdatamodeld */; };
		7189081E2071537B00FF120D /* Util.swift in Sources */ = {isa = PBXBuildFile; fileRef = 7189081D2071537B00FF120D /* Util.swift */; };
/* End PBXBuildFile section */

/* Begin PBXFileReference section */
		7118FE9C2066B0EB0079ED9E /* NotebookModalViewController.swift */ = {isa = PBXFileReference; lastKnownFileType = sourcecode.swift; path = NotebookModalViewController.swift; sourceTree = "<group>"; };
		7137B6F020715AEC00A70EB4 /* CoreDataManager.swift */ = {isa = PBXFileReference; lastKnownFileType = sourcecode.swift; path = CoreDataManager.swift; sourceTree = "<group>"; };
		7148A69720647D3E0061A542 /* Everpobre.app */ = {isa = PBXFileReference; explicitFileType = wrapper.application; includeInIndex = 0; path = Everpobre.app; sourceTree = BUILT_PRODUCTS_DIR; };
		7148A69A20647D3E0061A542 /* AppDelegate.swift */ = {isa = PBXFileReference; lastKnownFileType = sourcecode.swift; path = AppDelegate.swift; sourceTree = "<group>"; };
		7148A6A420647D3E0061A542 /* Assets.xcassets */ = {isa = PBXFileReference; lastKnownFileType = folder.assetcatalog; path = Assets.xcassets; sourceTree = "<group>"; };
		7148A6A720647D3E0061A542 /* Base */ = {isa = PBXFileReference; lastKnownFileType = file.storyboard; name = Base; path = Base.lproj/LaunchScreen.storyboard; sourceTree = "<group>"; };
		7148A6A920647D3E0061A542 /* Info.plist */ = {isa = PBXFileReference; lastKnownFileType = text.plist.xml; path = Info.plist; sourceTree = "<group>"; };
		7154B96A2076CFA400476511 /* CustomImageView.swift */ = {isa = PBXFileReference; lastKnownFileType = sourcecode.swift; path = CustomImageView.swift; sourceTree = "<group>"; };
		7157084B2077D5E000C8A800 /* MapViewController.swift */ = {isa = PBXFileReference; lastKnownFileType = sourcecode.swift; path = MapViewController.swift; sourceTree = "<group>"; };
		7157084E2078152C00C8A800 /* MapKit.framework */ = {isa = PBXFileReference; lastKnownFileType = wrapper.framework; name = MapKit.framework; path = System/Library/Frameworks/MapKit.framework; sourceTree = SDKROOT; };
		7157085020781C4000C8A800 /* TagsViewController.swift */ = {isa = PBXFileReference; lastKnownFileType = sourcecode.swift; path = TagsViewController.swift; sourceTree = "<group>"; };
		7159303E20666CB500A5BA23 /* UIViewController+Navigation.swift */ = {isa = PBXFileReference; lastKnownFileType = sourcecode.swift; path = "UIViewController+Navigation.swift"; sourceTree = "<group>"; };
		715930452066825C00A5BA23 /* UIColor+Theme.swift */ = {isa = PBXFileReference; lastKnownFileType = sourcecode.swift; path = "UIColor+Theme.swift"; sourceTree = "<group>"; };
		715AFCFD2073ECFC001A5070 /* NotebookViewController+NotebookViewControllerDelegate.swift */ = {isa = PBXFileReference; lastKnownFileType = sourcecode.swift; path = "NotebookViewController+NotebookViewControllerDelegate.swift"; sourceTree = "<group>"; };
		715AFCFF2073EDE7001A5070 /* NotebookViewController+UITableView.swift */ = {isa = PBXFileReference; lastKnownFileType = sourcecode.swift; path = "NotebookViewController+UITableView.swift"; sourceTree = "<group>"; };
		715AFD0120740492001A5070 /* Photo+CoreDataClass.swift */ = {isa = PBXFileReference; lastKnownFileType = sourcecode.swift; path = "Photo+CoreDataClass.swift"; sourceTree = "<group>"; };
		715AFD0220740492001A5070 /* Photo+CoreDataProperties.swift */ = {isa = PBXFileReference; lastKnownFileType = sourcecode.swift; path = "Photo+CoreDataProperties.swift"; sourceTree = "<group>"; };
		715AFD0320740492001A5070 /* Note+CoreDataClass.swift */ = {isa = PBXFileReference; lastKnownFileType = sourcecode.swift; path = "Note+CoreDataClass.swift"; sourceTree = "<group>"; };
		715AFD0420740492001A5070 /* Note+CoreDataProperties.swift */ = {isa = PBXFileReference; lastKnownFileType = sourcecode.swift; path = "Note+CoreDataProperties.swift"; sourceTree = "<group>"; };
		715AFD0520740492001A5070 /* Notebook+CoreDataClass.swift */ = {isa = PBXFileReference; lastKnownFileType = sourcecode.swift; path = "Notebook+CoreDataClass.swift"; sourceTree = "<group>"; };
		715AFD0620740492001A5070 /* Notebook+CoreDataProperties.swift */ = {isa = PBXFileReference; lastKnownFileType = sourcecode.swift; path = "Notebook+CoreDataProperties.swift"; sourceTree = "<group>"; };
		715AFD0D20741F09001A5070 /* NoteViewController.swift */ = {isa = PBXFileReference; lastKnownFileType = sourcecode.swift; path = NoteViewController.swift; sourceTree = "<group>"; };
		7180075A2065A693006DD1AB /* NotebookTableViewController.swift */ = {isa = PBXFileReference; lastKnownFileType = sourcecode.swift; path = NotebookTableViewController.swift; sourceTree = "<group>"; };
		7180075B2065A693006DD1AB /* NotebookTableViewController.xib */ = {isa = PBXFileReference; lastKnownFileType = file.xib; path = NotebookTableViewController.xib; sourceTree = "<group>"; };
		718908182071228A00FF120D /* CreateNoteViewController.swift */ = {isa = PBXFileReference; lastKnownFileType = sourcecode.swift; path = CreateNoteViewController.swift; sourceTree = "<group>"; };
		7189081B20714D8E00FF120D /* EverpobreCD.xcdatamodel */ = {isa = PBXFileReference; lastKnownFileType = wrapper.xcdatamodel; path = EverpobreCD.xcdatamodel; sourceTree = "<group>"; };
		7189081D2071537B00FF120D /* Util.swift */ = {isa = PBXFileReference; lastKnownFileType = sourcecode.swift; path = Util.swift; sourceTree = "<group>"; };
/* End PBXFileReference section */

/* Begin PBXFrameworksBuildPhase section */
		7148A69420647D3E0061A542 /* Frameworks */ = {
			isa = PBXFrameworksBuildPhase;
			buildActionMask = 2147483647;
			files = (
				7157084F2078152C00C8A800 /* MapKit.framework in Frameworks */,
			);
			runOnlyForDeploymentPostprocessing = 0;
		};
/* End PBXFrameworksBuildPhase section */

/* Begin PBXGroup section */
		7148A68E20647D3E0061A542 = {
			isa = PBXGroup;
			children = (
				7148A69920647D3E0061A542 /* Everpobre */,
				7148A69820647D3E0061A542 /* Products */,
				7157084D2078152C00C8A800 /* Frameworks */,
			);
			sourceTree = "<group>";
		};
		7148A69820647D3E0061A542 /* Products */ = {
			isa = PBXGroup;
			children = (
				7148A69720647D3E0061A542 /* Everpobre.app */,
			);
			name = Products;
			sourceTree = "<group>";
		};
		7148A69920647D3E0061A542 /* Everpobre */ = {
			isa = PBXGroup;
			children = (
				7154B9692076CF8400476511 /* Frameworks */,
				71593047206686D000A5BA23 /* Model */,
				7159303D20666C6500A5BA23 /* Extensions */,
				71AD40E620647DDC005C2200 /* Controllers */,
				7148A69A20647D3E0061A542 /* AppDelegate.swift */,
				7148A6A420647D3E0061A542 /* Assets.xcassets */,
				7148A6A620647D3E0061A542 /* LaunchScreen.storyboard */,
				7148A6A920647D3E0061A542 /* Info.plist */,
			);
			path = Everpobre;
			sourceTree = "<group>";
		};
		7154B9692076CF8400476511 /* Frameworks */ = {
			isa = PBXGroup;
			children = (
				7154B96A2076CFA400476511 /* CustomImageView.swift */,
			);
			path = Frameworks;
			sourceTree = "<group>";
		};
		7157084D2078152C00C8A800 /* Frameworks */ = {
			isa = PBXGroup;
			children = (
				7157084E2078152C00C8A800 /* MapKit.framework */,
			);
			name = Frameworks;
			sourceTree = "<group>";
		};
		7159303D20666C6500A5BA23 /* Extensions */ = {
			isa = PBXGroup;
			children = (
				7159303E20666CB500A5BA23 /* UIViewController+Navigation.swift */,
				715930452066825C00A5BA23 /* UIColor+Theme.swift */,
				7189081D2071537B00FF120D /* Util.swift */,
				7137B6F020715AEC00A70EB4 /* CoreDataManager.swift */,
				715AFCFD2073ECFC001A5070 /* NotebookViewController+NotebookViewControllerDelegate.swift */,
				715AFCFF2073EDE7001A5070 /* NotebookViewController+UITableView.swift */,
			);
			path = Extensions;
			sourceTree = "<group>";
		};
		71593047206686D000A5BA23 /* Model */ = {
			isa = PBXGroup;
			children = (
				715AFD0120740492001A5070 /* Photo+CoreDataClass.swift */,
				715AFD0220740492001A5070 /* Photo+CoreDataProperties.swift */,
				715AFD0320740492001A5070 /* Note+CoreDataClass.swift */,
				715AFD0420740492001A5070 /* Note+CoreDataProperties.swift */,
				715AFD0520740492001A5070 /* Notebook+CoreDataClass.swift */,
				715AFD0620740492001A5070 /* Notebook+CoreDataProperties.swift */,
				7189081A20714D8E00FF120D /* EverpobreCD.xcdatamodeld */,
			);
			path = Model;
			sourceTree = "<group>";
		};
		71AD40E620647DDC005C2200 /* Controllers */ = {
			isa = PBXGroup;
			children = (
				7180075A2065A693006DD1AB /* NotebookTableViewController.swift */,
				7180075B2065A693006DD1AB /* NotebookTableViewController.xib */,
				7118FE9C2066B0EB0079ED9E /* NotebookModalViewController.swift */,
				718908182071228A00FF120D /* CreateNoteViewController.swift */,
				715AFD0D20741F09001A5070 /* NoteViewController.swift */,
				7157084B2077D5E000C8A800 /* MapViewController.swift */,
				7157085020781C4000C8A800 /* TagsViewController.swift */,
			);
			path = Controllers;
			sourceTree = "<group>";
		};
/* End PBXGroup section */

/* Begin PBXNativeTarget section */
		7148A69620647D3E0061A542 /* Everpobre */ = {
			isa = PBXNativeTarget;
			buildConfigurationList = 7148A6AC20647D3E0061A542 /* Build configuration list for PBXNativeTarget "Everpobre" */;
			buildPhases = (
				7148A69320647D3E0061A542 /* Sources */,
				7148A69420647D3E0061A542 /* Frameworks */,
				7148A69520647D3E0061A542 /* Resources */,
			);
			buildRules = (
			);
			dependencies = (
			);
			name = Everpobre;
			productName = Everpobre;
			productReference = 7148A69720647D3E0061A542 /* Everpobre.app */;
			productType = "com.apple.product-type.application";
		};
/* End PBXNativeTarget section */

/* Begin PBXProject section */
		7148A68F20647D3E0061A542 /* Project object */ = {
			isa = PBXProject;
			attributes = {
				LastSwiftUpdateCheck = 0920;
				LastUpgradeCheck = 0920;
				ORGANIZATIONNAME = Javi;
				TargetAttributes = {
					7148A69620647D3E0061A542 = {
						CreatedOnToolsVersion = 9.2;
						ProvisioningStyle = Automatic;
					};
				};
			};
			buildConfigurationList = 7148A69220647D3E0061A542 /* Build configuration list for PBXProject "Everpobre" */;
			compatibilityVersion = "Xcode 8.0";
			developmentRegion = en;
			hasScannedForEncodings = 0;
			knownRegions = (
				en,
				Base,
			);
			mainGroup = 7148A68E20647D3E0061A542;
			productRefGroup = 7148A69820647D3E0061A542 /* Products */;
			projectDirPath = "";
			projectRoot = "";
			targets = (
				7148A69620647D3E0061A542 /* Everpobre */,
			);
		};
/* End PBXProject section */

/* Begin PBXResourcesBuildPhase section */
		7148A69520647D3E0061A542 /* Resources */ = {
			isa = PBXResourcesBuildPhase;
			buildActionMask = 2147483647;
			files = (
				7180075D2065A693006DD1AB /* NotebookTableViewController.xib in Resources */,
				7148A6A820647D3E0061A542 /* LaunchScreen.storyboard in Resources */,
				7148A6A520647D3E0061A542 /* Assets.xcassets in Resources */,
			);
			runOnlyForDeploymentPostprocessing = 0;
		};
/* End PBXResourcesBuildPhase section */

/* Begin PBXSourcesBuildPhase section */
		7148A69320647D3E0061A542 /* Sources */ = {
			isa = PBXSourcesBuildPhase;
			buildActionMask = 2147483647;
			files = (
				715AFD0820740492001A5070 /* Photo+CoreDataProperties.swift in Sources */,
				7189081E2071537B00FF120D /* Util.swift in Sources */,
				715AFD0720740492001A5070 /* Photo+CoreDataClass.swift in Sources */,
				7157084C2077D5E000C8A800 /* MapViewController.swift in Sources */,
				7159303F20666CB500A5BA23 /* UIViewController+Navigation.swift in Sources */,
				715AFD0E20741F09001A5070 /* NoteViewController.swift in Sources */,
				7180075C2065A693006DD1AB /* NotebookTableViewController.swift in Sources */,
				718908192071228A00FF120D /* CreateNoteViewController.swift in Sources */,
				7137B6F120715AEC00A70EB4 /* CoreDataManager.swift in Sources */,
				715AFD0C20740492001A5070 /* Notebook+CoreDataProperties.swift in Sources */,
				7154B96B2076CFA400476511 /* CustomImageView.swift in Sources */,
				7157085120781C4000C8A800 /* TagsViewController.swift in Sources */,
				7148A69B20647D3E0061A542 /* AppDelegate.swift in Sources */,
				715AFD0A20740492001A5070 /* Note+CoreDataProperties.swift in Sources */,
				7118FE9D2066B0EB0079ED9E /* NotebookModalViewController.swift in Sources */,
				715AFCFE2073ECFC001A5070 /* NotebookViewController+NotebookViewControllerDelegate.swift in Sources */,
				7189081C20714D8E00FF120D /* EverpobreCD.xcdatamodeld in Sources */,
				715AFD0920740492001A5070 /* Note+CoreDataClass.swift in Sources */,
				715AFD0B20740492001A5070 /* Notebook+CoreDataClass.swift in Sources */,
				715930462066825C00A5BA23 /* UIColor+Theme.swift in Sources */,
				715AFD002073EDE7001A5070 /* NotebookViewController+UITableView.swift in Sources */,
			);
			runOnlyForDeploymentPostprocessing = 0;
		};
/* End PBXSourcesBuildPhase section */

/* Begin PBXVariantGroup section */
		7148A6A620647D3E0061A542 /* LaunchScreen.storyboard */ = {
			isa = PBXVariantGroup;
			children = (
				7148A6A720647D3E0061A542 /* Base */,
			);
			name = LaunchScreen.storyboard;
			sourceTree = "<group>";
		};
/* End PBXVariantGroup section */

/* Begin XCBuildConfiguration section */
		7148A6AA20647D3E0061A542 /* Debug */ = {
			isa = XCBuildConfiguration;
			buildSettings = {
				ALWAYS_SEARCH_USER_PATHS = NO;
				CLANG_ANALYZER_NONNULL = YES;
				CLANG_ANALYZER_NUMBER_OBJECT_CONVERSION = YES_AGGRESSIVE;
				CLANG_CXX_LANGUAGE_STANDARD = "gnu++14";
				CLANG_CXX_LIBRARY = "libc++";
				CLANG_ENABLE_MODULES = YES;
				CLANG_ENABLE_OBJC_ARC = YES;
				CLANG_WARN_BLOCK_CAPTURE_AUTORELEASING = YES;
				CLANG_WARN_BOOL_CONVERSION = YES;
				CLANG_WARN_COMMA = YES;
				CLANG_WARN_CONSTANT_CONVERSION = YES;
				CLANG_WARN_DIRECT_OBJC_ISA_USAGE = YES_ERROR;
				CLANG_WARN_DOCUMENTATION_COMMENTS = YES;
				CLANG_WARN_EMPTY_BODY = YES;
				CLANG_WARN_ENUM_CONVERSION = YES;
				CLANG_WARN_INFINITE_RECURSION = YES;
				CLANG_WARN_INT_CONVERSION = YES;
				CLANG_WARN_NON_LITERAL_NULL_CONVERSION = YES;
				CLANG_WARN_OBJC_LITERAL_CONVERSION = YES;
				CLANG_WARN_OBJC_ROOT_CLASS = YES_ERROR;
				CLANG_WARN_RANGE_LOOP_ANALYSIS = YES;
				CLANG_WARN_STRICT_PROTOTYPES = YES;
				CLANG_WARN_SUSPICIOUS_MOVE = YES;
				CLANG_WARN_UNGUARDED_AVAILABILITY = YES_AGGRESSIVE;
				CLANG_WARN_UNREACHABLE_CODE = YES;
				CLANG_WARN__DUPLICATE_METHOD_MATCH = YES;
				CODE_SIGN_IDENTITY = "iPhone Developer";
				COPY_PHASE_STRIP = NO;
				DEBUG_INFORMATION_FORMAT = dwarf;
				ENABLE_STRICT_OBJC_MSGSEND = YES;
				ENABLE_TESTABILITY = YES;
				GCC_C_LANGUAGE_STANDARD = gnu11;
				GCC_DYNAMIC_NO_PIC = NO;
				GCC_NO_COMMON_BLOCKS = YES;
				GCC_OPTIMIZATION_LEVEL = 0;
				GCC_PREPROCESSOR_DEFINITIONS = (
					"DEBUG=1",
					"$(inherited)",
				);
				GCC_WARN_64_TO_32_BIT_CONVERSION = YES;
				GCC_WARN_ABOUT_RETURN_TYPE = YES_ERROR;
				GCC_WARN_UNDECLARED_SELECTOR = YES;
				GCC_WARN_UNINITIALIZED_AUTOS = YES_AGGRESSIVE;
				GCC_WARN_UNUSED_FUNCTION = YES;
				GCC_WARN_UNUSED_VARIABLE = YES;
				IPHONEOS_DEPLOYMENT_TARGET = 11.2;
				MTL_ENABLE_DEBUG_INFO = YES;
				ONLY_ACTIVE_ARCH = YES;
				SDKROOT = iphoneos;
				SWIFT_ACTIVE_COMPILATION_CONDITIONS = DEBUG;
				SWIFT_OPTIMIZATION_LEVEL = "-Onone";
			};
			name = Debug;
		};
		7148A6AB20647D3E0061A542 /* Release */ = {
			isa = XCBuildConfiguration;
			buildSettings = {
				ALWAYS_SEARCH_USER_PATHS = NO;
				CLANG_ANALYZER_NONNULL = YES;
				CLANG_ANALYZER_NUMBER_OBJECT_CONVERSION = YES_AGGRESSIVE;
				CLANG_CXX_LANGUAGE_STANDARD = "gnu++14";
				CLANG_CXX_LIBRARY = "libc++";
				CLANG_ENABLE_MODULES = YES;
				CLANG_ENABLE_OBJC_ARC = YES;
				CLANG_WARN_BLOCK_CAPTURE_AUTORELEASING = YES;
				CLANG_WARN_BOOL_CONVERSION = YES;
				CLANG_WARN_COMMA = YES;
				CLANG_WARN_CONSTANT_CONVERSION = YES;
				CLANG_WARN_DIRECT_OBJC_ISA_USAGE = YES_ERROR;
				CLANG_WARN_DOCUMENTATION_COMMENTS = YES;
				CLANG_WARN_EMPTY_BODY = YES;
				CLANG_WARN_ENUM_CONVERSION = YES;
				CLANG_WARN_INFINITE_RECURSION = YES;
				CLANG_WARN_INT_CONVERSION = YES;
				CLANG_WARN_NON_LITERAL_NULL_CONVERSION = YES;
				CLANG_WARN_OBJC_LITERAL_CONVERSION = YES;
				CLANG_WARN_OBJC_ROOT_CLASS = YES_ERROR;
				CLANG_WARN_RANGE_LOOP_ANALYSIS = YES;
				CLANG_WARN_STRICT_PROTOTYPES = YES;
				CLANG_WARN_SUSPICIOUS_MOVE = YES;
				CLANG_WARN_UNGUARDED_AVAILABILITY = YES_AGGRESSIVE;
				CLANG_WARN_UNREACHABLE_CODE = YES;
				CLANG_WARN__DUPLICATE_METHOD_MATCH = YES;
				CODE_SIGN_IDENTITY = "iPhone Developer";
				COPY_PHASE_STRIP = NO;
				DEBUG_INFORMATION_FORMAT = "dwarf-with-dsym";
				ENABLE_NS_ASSERTIONS = NO;
				ENABLE_STRICT_OBJC_MSGSEND = YES;
				GCC_C_LANGUAGE_STANDARD = gnu11;
				GCC_NO_COMMON_BLOCKS = YES;
				GCC_WARN_64_TO_32_BIT_CONVERSION = YES;
				GCC_WARN_ABOUT_RETURN_TYPE = YES_ERROR;
				GCC_WARN_UNDECLARED_SELECTOR = YES;
				GCC_WARN_UNINITIALIZED_AUTOS = YES_AGGRESSIVE;
				GCC_WARN_UNUSED_FUNCTION = YES;
				GCC_WARN_UNUSED_VARIABLE = YES;
				IPHONEOS_DEPLOYMENT_TARGET = 11.2;
				MTL_ENABLE_DEBUG_INFO = NO;
				SDKROOT = iphoneos;
				SWIFT_OPTIMIZATION_LEVEL = "-Owholemodule";
				VALIDATE_PRODUCT = YES;
			};
			name = Release;
		};
		7148A6AD20647D3E0061A542 /* Debug */ = {
			isa = XCBuildConfiguration;
			buildSettings = {
				ASSETCATALOG_COMPILER_APPICON_NAME = AppIcon;
				CODE_SIGN_STYLE = Automatic;
				DEVELOPMENT_TEAM = FXQWALG7L9;
				INFOPLIST_FILE = Everpobre/Info.plist;
				LD_RUNPATH_SEARCH_PATHS = "$(inherited) @executable_path/Frameworks";
				PRODUCT_BUNDLE_IDENTIFIER = com.ademlo.Everpobre;
				PRODUCT_NAME = "$(TARGET_NAME)";
				SWIFT_VERSION = 4.0;
				TARGETED_DEVICE_FAMILY = "1,2";
			};
			name = Debug;
		};
		7148A6AE20647D3E0061A542 /* Release */ = {
			isa = XCBuildConfiguration;
			buildSettings = {
				ASSETCATALOG_COMPILER_APPICON_NAME = AppIcon;
				CODE_SIGN_STYLE = Automatic;
				DEVELOPMENT_TEAM = FXQWALG7L9;
				INFOPLIST_FILE = Everpobre/Info.plist;
				LD_RUNPATH_SEARCH_PATHS = "$(inherited) @executable_path/Frameworks";
				PRODUCT_BUNDLE_IDENTIFIER = com.ademlo.Everpobre;
				PRODUCT_NAME = "$(TARGET_NAME)";
				SWIFT_VERSION = 4.0;
				TARGETED_DEVICE_FAMILY = "1,2";
			};
			name = Release;
		};
/* End XCBuildConfiguration section */

/* Begin XCConfigurationList section */
		7148A69220647D3E0061A542 /* Build configuration list for PBXProject "Everpobre" */ = {
			isa = XCConfigurationList;
			buildConfigurations = (
				7148A6AA20647D3E0061A542 /* Debug */,
				7148A6AB20647D3E0061A542 /* Release */,
			);
			defaultConfigurationIsVisible = 0;
			defaultConfigurationName = Release;
		};
		7148A6AC20647D3E0061A542 /* Build configuration list for PBXNativeTarget "Everpobre" */ = {
			isa = XCConfigurationList;
			buildConfigurations = (
				7148A6AD20647D3E0061A542 /* Debug */,
				7148A6AE20647D3E0061A542 /* Release */,
			);
			defaultConfigurationIsVisible = 0;
			defaultConfigurationName = Release;
		};
/* End XCConfigurationList section */

/* Begin XCVersionGroup section */
		7189081A20714D8E00FF120D /* EverpobreCD.xcdatamodeld */ = {
			isa = XCVersionGroup;
			children = (
				7189081B20714D8E00FF120D /* EverpobreCD.xcdatamodel */,
			);
			currentVersion = 7189081B20714D8E00FF120D /* EverpobreCD.xcdatamodel */;
			path = EverpobreCD.xcdatamodeld;
			sourceTree = "<group>";
			versionGroupType = wrapper.xcdatamodel;
		};
/* End XCVersionGroup section */
	};
	rootObject = 7148A68F20647D3E0061A542 /* Project object */;
}
